PODS:
  - CalculateCalendarLogic (0.3.0)
  - FSCalendar (2.8.1)

DEPENDENCIES:
  - CalculateCalendarLogic
  - FSCalendar (from `https://github.com/WenchaoD/FSCalendar`)

SPEC REPOS:
  trunk:
    - CalculateCalendarLogic

EXTERNAL SOURCES:
  FSCalendar:
    :git: https://github.com/WenchaoD/FSCalendar

CHECKOUT OPTIONS:
  FSCalendar:
    :commit: ba15ebc6207a54499c030f7dea132785fb3c3c13
    :git: https://github.com/WenchaoD/FSCalendar

SPEC CHECKSUMS:
  CalculateCalendarLogic: cd5b2c706a8628bb924c5ee9d05c4f61bdbaf390
  FSCalendar: 5245140456fcbcac5824c203b98bd8068bdfee1a

PODFILE CHECKSUM: 1e131a94013dc10532794cc1b1464b7e31d8f5c2

COCOAPODS: 1.8.4
